
Microsoft Visual Studio Solution File, Format Version 12.00
# Visual Studio Version 17
VisualStudioVersion = 17.4.33205.214
MinimumVisualStudioVersion = 10.0.40219.1
Project("{FAE04EC0-301F-11D3-BF4B-00C04F79EFBC}") = "Qualification_API_Blazor", "Qualification_API_Blazor\Qualification_API_Blazor.csproj", "{519BD1BC-5840-47AF-AFA4-0EFB78786364}"
EndProject
Global
	GlobalSection(SolutionConfigurationPlatforms) = preSolution
		Debug|Any CPU = Debug|Any CPU
		Release|Any CPU = Release|Any CPU
	EndGlobalSection
	GlobalSection(ProjectConfigurationPlatforms) = postSolution
		{519BD1BC-5840-47AF-AFA4-0EFB78786364}.Debug|Any CPU.ActiveCfg = Debug|Any CPU
		{519BD1BC-5840-47AF-AFA4-0EFB78786364}.Debug|Any CPU.Build.0 = Debug|Any CPU
		{519BD1BC-5840-47AF-AFA4-0EFB78786364}.Release|Any CPU.ActiveCfg = Release|Any CPU
		{519BD1BC-5840-47AF-AFA4-0EFB78786364}.Release|Any CPU.Build.0 = Release|Any CPU
	EndGlobalSection
	GlobalSection(SolutionProperties) = preSolution
		HideSolutionNode = FALSE
	EndGlobalSection
	GlobalSection(ExtensibilityGlobals) = postSolution
		SolutionGuid = {3B05408C-79B5-4076-A852-37FE57028297}
	EndGlobalSection
EndGlobal
